PODS:
  - PromiseKit (6.17.1):
    - PromiseKit/CorePromise (= 6.17.1)
    - PromiseKit/Foundation (= 6.17.1)
    - PromiseKit/UIKit (= 6.17.1)
  - PromiseKit/CorePromise (6.17.1)
  - PromiseKit/Foundation (6.17.1):
    - PromiseKit/CorePromise
  - PromiseKit/UIKit (6.17.1):
    - PromiseKit/CorePromise
  - RxCocoa (6.5.0):
    - RxRelay (= 6.5.0)
    - RxSwift (= 6.5.0)
  - RxRelay (6.5.0):
    - RxSwift (= 6.5.0)
  - RxSwift (6.5.0)

DEPENDENCIES:
  - PromiseKit (~> 6.8)
  - RxCocoa (= 6.5.0)
  - RxSwift (= 6.5.0)

SPEC REPOS:
  trunk:
    - PromiseKit
    - RxCocoa
    - RxRelay
    - RxSwift

SPEC CHECKSUMS:
  PromiseKit: ee485df3d4dc570594d7e7aecae6352697dc6a4c
  RxCocoa: 94f817b71c07517321eb4f9ad299112ca8af743b
  RxRelay: 1de1523e604c72b6c68feadedd1af3b1b4d0ecbd
  RxSwift: 5710a9e6b17f3c3d6e40d6e559b9fa1e813b2ef8

PODFILE CHECKSUM: 1b419bae16d26c9b180263016024a48f55a2bc02

COCOAPODS: 1.11.3
